
Microsoft Visual Studio Solution File, Format Version 12.00
# Visual Studio Version 17
VisualStudioVersion = 17.7.34031.279
MinimumVisualStudioVersion = 10.0.40219.1
Project("{FAE04EC0-301F-11D3-BF4B-00C04F79EFBC}") = "doronoz", "doronoz.csproj", "{456B174B-E2BE-40C3-B4A2-703A9A3D5BDD}"
EndProject
Global
	GlobalSection(SolutionConfigurationPlatforms) = preSolution
		Debug|Any CPU = Debug|Any CPU
		Release|Any CPU = Release|Any CPU
	EndGlobalSection
	GlobalSection(ProjectConfigurationPlatforms) = postSolution
		{456B174B-E2BE-40C3-B4A2-703A9A3D5BDD}.Debug|Any CPU.ActiveCfg = Debug|Any CPU
		{456B174B-E2BE-40C3-B4A2-703A9A3D5BDD}.Debug|Any CPU.Build.0 = Debug|Any CPU
		{456B174B-E2BE-40C3-B4A2-703A9A3D5BDD}.Release|Any CPU.ActiveCfg = Release|Any CPU
		{456B174B-E2BE-40C3-B4A2-703A9A3D5BDD}.Release|Any CPU.Build.0 = Release|Any CPU
	EndGlobalSection
	GlobalSection(SolutionProperties) = preSolution
		HideSolutionNode = FALSE
	EndGlobalSection
	GlobalSection(ExtensibilityGlobals) = postSolution
		SolutionGuid = {178F628A-F96E-4D86-93B1-514693C1B8C0}
	EndGlobalSection
EndGlobal
